
Microsoft Visual Studio Solution File, Format Version 12.00
# Visual Studio Version 16
VisualStudioVersion = 16.0.30011.22
MinimumVisualStudioVersion = 10.0.40219.1
Project("{F184B08F-C81C-45F6-A57F-5ABD9991F28F}") = "20200417", "20200417\20200417.vbproj", "{5DD9AF72-4688-414A-AC8F-39CD2C5110B8}"
EndProject
Global
	GlobalSection(SolutionConfigurationPlatforms) = preSolution
		Debug|Any CPU = Debug|Any CPU
		Release|Any CPU = Release|Any CPU
	EndGlobalSection
	GlobalSection(ProjectConfigurationPlatforms) = postSolution
		{5DD9AF72-4688-414A-AC8F-39CD2C5110B8}.Debug|Any CPU.ActiveCfg = Debug|Any CPU
		{5DD9AF72-4688-414A-AC8F-39CD2C5110B8}.Debug|Any CPU.Build.0 = Debug|Any CPU
		{5DD9AF72-4688-414A-AC8F-39CD2C5110B8}.Release|Any CPU.ActiveCfg = Release|Any CPU
		{5DD9AF72-4688-414A-AC8F-39CD2C5110B8}.Release|Any CPU.Build.0 = Release|Any CPU
	EndGlobalSection
	GlobalSection(SolutionProperties) = preSolution
		HideSolutionNode = FALSE
	EndGlobalSection
	GlobalSection(ExtensibilityGlobals) = postSolution
		SolutionGuid = {BBE70703-CD47-4B94-9846-4C22A0FADF43}
	EndGlobalSection
EndGlobal
